PODS:
  - Masonry (1.1.0)
  - MBProgressHUD (1.0.0)
  - PolyvIJKPlayer (0.0.3)
  - PolyvLiveAPI (0.1.2)
  - PolyvSocketAPI (0.3.0):
    - Socket.IO-Client-Swift (~> 12.1.1)
  - Socket.IO-Client-Swift (12.1.3):
    - Starscream (~> 2.1.1)
  - Starscream (2.1.1)

DEPENDENCIES:
  - Masonry (~> 1.1)
  - MBProgressHUD (~> 1.0.0)
  - PolyvIJKPlayer (~> 0.0.3)
  - PolyvLiveAPI (~> 0.1.0)
  - PolyvSocketAPI (~> 0.3.0)

SPEC CHECKSUMS:
  Masonry: 678fab65091a9290e40e2832a55e7ab731aad201
  MBProgressHUD: 4890f671c94e8a0f3cf959aa731e9de2f036d71a
  PolyvIJKPlayer: 36cc3a26fb266edf9db21223339e9650c36f03b1
  PolyvLiveAPI: 7fd3c167d1fcb9c1ee5a33891ae0212e2e4186a4
  PolyvSocketAPI: a00c9c4d86c114e6e521cd1aba028ee7afbfba45
  Socket.IO-Client-Swift: 2d3838d0e7bc105626872081fb6a23141145e8f8
  Starscream: 142bd8ef24592d985daee9fa48c936070b85b15f

PODFILE CHECKSUM: d2da79d082be8af9e467bbc451af0dc06c655880

COCOAPODS: 1.3.1
