PODS:
  - Masonry (1.0.2)
  - MBProgressHUD (1.0.0)

DEPENDENCIES:
  - Masonry (~> 1.0.2)
  - MBProgressHUD (~> 1.0.0)

SPEC CHECKSUMS:
  Masonry: 7c429b56da9d4ee0bbb3ed77a5ea710d6a5df39e
  MBProgressHUD: 4890f671c94e8a0f3cf959aa731e9de2f036d71a

PODFILE CHECKSUM: dbb64fb49b859e90558efec1ff23a4034a847494

COCOAPODS: 1.1.1
