PODS:
  - Masonry (1.1.0)
  - MBProgressHUD (1.0.0)
  - PolyvIJKPlayer (0.0.3)
  - PolyvLiveAPI (0.2.0)
  - PolyvSocketAPI (0.3.0):
    - Socket.IO-Client-Swift (~> 12.1.1)
  - Socket.IO-Client-Swift (12.1.3):
    - Starscream (~> 2.1.1)
  - Starscream (2.1.1)

DEPENDENCIES:
  - Masonry (~> 1.1)
  - MBProgressHUD (~> 1.0.0)
  - PolyvIJKPlayer (~> 0.0.3)
  - PolyvLiveAPI (~> 0.2.0)
  - PolyvSocketAPI (~> 0.3.0)

SPEC CHECKSUMS:
  Masonry: 678fab65091a9290e40e2832a55e7ab731aad201
  MBProgressHUD: 4890f671c94e8a0f3cf959aa731e9de2f036d71a
  PolyvIJKPlayer: 36cc3a26fb266edf9db21223339e9650c36f03b1
  PolyvLiveAPI: e9d434d8f42401dd16c81e4c7def40fd1ad44c13
  PolyvSocketAPI: a00c9c4d86c114e6e521cd1aba028ee7afbfba45
  Socket.IO-Client-Swift: 2d3838d0e7bc105626872081fb6a23141145e8f8
  Starscream: 142bd8ef24592d985daee9fa48c936070b85b15f

PODFILE CHECKSUM: 5827913d2487adeb2c447ab91878962961086382

COCOAPODS: 1.4.0
