PODS:
  - AgoraRtcEngine_iOS (2.0.2)
  - Masonry (1.1.0)
  - MBProgressHUD (1.1.0)
  - PolyvIJKPlayer (0.1.2)
  - PolyvLiveAPI (0.4.1)
  - PolyvSocketAPI (0.4.1):
    - Socket.IO-Client-Swift (~> 13.2.0)
  - SDWebImage (4.4.1):
    - SDWebImage/Core (= 4.4.1)
  - SDWebImage/Core (4.4.1)
  - Socket.IO-Client-Swift (13.2.1):
    - Starscream (~> 3.0.2)
  - Starscream (3.0.5)

DEPENDENCIES:
  - AgoraRtcEngine_iOS (~> 2.0.0)
  - Masonry (~> 1.1)
  - MBProgressHUD (~> 1.1.0)
  - PolyvIJKPlayer (~> 0.1.0)
  - PolyvLiveAPI (~> 0.4.1)
  - PolyvSocketAPI (~> 0.4.1)
  - SDWebImage (~> 4.4.0)

SPEC CHECKSUMS:
  AgoraRtcEngine_iOS: 67884f8bbe46aae8ed9af4195b0683562f083fde
  Masonry: 678fab65091a9290e40e2832a55e7ab731aad201
  MBProgressHUD: e7baa36a220447d8aeb12769bf0585582f3866d9
  PolyvIJKPlayer: fc779bc5927e1c0b924a759059ea49c577ca6d3d
  PolyvLiveAPI: 7d8d3c6ca85529b7bead02c9ed37803e0482dee3
  PolyvSocketAPI: 2bafb037508e2b7b34aadb64f32f526fe6a5250a
  SDWebImage: 47e9b5b925cbce75946c23f0c42dd19464189af4
  Socket.IO-Client-Swift: b94943e2fb916fe2f95244b9ed21828634002280
  Starscream: faf918b2f2eff7d5dd21180646bf015a669673bd

PODFILE CHECKSUM: 354631b34f2a2d2f0f4d1ef50346ea40eb137d54

COCOAPODS: 1.4.0
