PODS:
  - AgoraRtcEngine_iOS (2.0.2)
  - Masonry (1.1.0)
  - MBProgressHUD (1.1.0)
  - PolyvBusinessSDK (0.15.0):
    - PolyvBusinessSDK/Core (= 0.15.0)
    - PolyvBusinessSDK/Socket (= 0.15.0)
    - PolyvFoundationSDK (~> 0.12.0)
  - PolyvBusinessSDK/Core (0.15.0):
    - PolyvFoundationSDK (~> 0.12.0)
  - PolyvBusinessSDK/Socket (0.15.0):
    - PolyvFoundationSDK (~> 0.12.0)
    - Socket.IO-Client-Swift (~> 14.0.0)
  - PolyvFoundationSDK (0.12.0)
  - PolyvIJKPlayer (0.4.2)
  - PolyvLiveAPI (0.7.5)
  - SDWebImage (4.4.2):
    - SDWebImage/Core (= 4.4.2)
  - SDWebImage/Core (4.4.2)
  - Socket.IO-Client-Swift (14.0.0):
    - Starscream (~> 3.0.6)
  - Starscream (3.0.6)

DEPENDENCIES:
  - AgoraRtcEngine_iOS (~> 2.0.0)
  - Masonry (~> 1.1)
  - MBProgressHUD (~> 1.1.0)
  - PolyvBusinessSDK (~> 0.15.0)
  - PolyvIJKPlayer (~> 0.4.0)
  - PolyvLiveAPI (~> 0.7.5)
  - SDWebImage (~> 4.4.0)

SPEC REPOS:
  https://github.com/CocoaPods/Specs.git:
    - AgoraRtcEngine_iOS
    - Masonry
    - MBProgressHUD
    - SDWebImage
  trunk:
    - PolyvBusinessSDK
    - PolyvFoundationSDK
    - PolyvIJKPlayer
    - PolyvLiveAPI
    - Socket.IO-Client-Swift
    - Starscream

SPEC CHECKSUMS:
  AgoraRtcEngine_iOS: 67884f8bbe46aae8ed9af4195b0683562f083fde
  Masonry: 678fab65091a9290e40e2832a55e7ab731aad201
  MBProgressHUD: e7baa36a220447d8aeb12769bf0585582f3866d9
  PolyvBusinessSDK: 33c19f17c948d1a1078ebefc160e5bb6e5f423d3
  PolyvFoundationSDK: 2061221d2a34f3d4b208464a63e985ac66bad05c
  PolyvIJKPlayer: eebcbdd6916dd114543c87bd4613c9840e8927b1
  PolyvLiveAPI: dbc3e3a40fef615723fc6d8cadb6812ce2384ded
  SDWebImage: 624d6e296c69b244bcede364c72ae0430ac14681
  Socket.IO-Client-Swift: 21e6a8a23a7d367d5ddfab6cbbd3c679cf3c25d6
  Starscream: ef3ece99d765eeccb67de105bfa143f929026cf5

PODFILE CHECKSUM: bfbed9fb893d93a40ac12702f921c252d9164f5f

COCOAPODS: 1.8.4
